
Microsoft Visual Studio Solution File, Format Version 12.00
# Visual Studio Version 16
VisualStudioVersion = 16.0.31313.79
MinimumVisualStudioVersion = 10.0.40219.1
Project("{9A19103F-16F7-4668-BE54-9A1E7A4F7556}") = "EmployeeManagement.UI", "EmployeeManagement.UI\EmployeeManagement.UI.csproj", "{07A619BF-AB57-47A4-B587-5F9B2DCE076C}"
EndProject
Project("{9A19103F-16F7-4668-BE54-9A1E7A4F7556}") = "EmployeeManagement.Data", "EmployeeManagement.Data\EmployeeManagement.Data.csproj", "{A30DC38F-6ACB-43E9-9243-16FEF0F2B57B}"
EndProject
Project("{9A19103F-16F7-4668-BE54-9A1E7A4F7556}") = "EmployeeManagement.Common", "EmployeeManagement.Common\EmployeeManagement.Common.csproj", "{249833CC-781E-4C96-B263-EE18379FACB7}"
EndProject
Project("{FAE04EC0-301F-11D3-BF4B-00C04F79EFBC}") = "EmployeeManagement.BusinnessEngine", "EmployeeManagement.BusinnessEngine\EmployeeManagement.BusinnessEngine.csproj", "{4213BCA9-F348-4819-AED3-DC2A9DD83490}"
EndProject
Global
	GlobalSection(SolutionConfigurationPlatforms) = preSolution
		Debug|Any CPU = Debug|Any CPU
		Release|Any CPU = Release|Any CPU
	EndGlobalSection
	GlobalSection(ProjectConfigurationPlatforms) = postSolution
		{07A619BF-AB57-47A4-B587-5F9B2DCE076C}.Debug|Any CPU.ActiveCfg = Debug|Any CPU
		{07A619BF-AB57-47A4-B587-5F9B2DCE076C}.Debug|Any CPU.Build.0 = Debug|Any CPU
		{07A619BF-AB57-47A4-B587-5F9B2DCE076C}.Release|Any CPU.ActiveCfg = Release|Any CPU
		{07A619BF-AB57-47A4-B587-5F9B2DCE076C}.Release|Any CPU.Build.0 = Release|Any CPU
		{A30DC38F-6ACB-43E9-9243-16FEF0F2B57B}.Debug|Any CPU.ActiveCfg = Debug|Any CPU
		{A30DC38F-6ACB-43E9-9243-16FEF0F2B57B}.Debug|Any CPU.Build.0 = Debug|Any CPU
		{A30DC38F-6ACB-43E9-9243-16FEF0F2B57B}.Release|Any CPU.ActiveCfg = Release|Any CPU
		{A30DC38F-6ACB-43E9-9243-16FEF0F2B57B}.Release|Any CPU.Build.0 = Release|Any CPU
		{249833CC-781E-4C96-B263-EE18379FACB7}.Debug|Any CPU.ActiveCfg = Debug|Any CPU
		{249833CC-781E-4C96-B263-EE18379FACB7}.Debug|Any CPU.Build.0 = Debug|Any CPU
		{249833CC-781E-4C96-B263-EE18379FACB7}.Release|Any CPU.ActiveCfg = Release|Any CPU
		{249833CC-781E-4C96-B263-EE18379FACB7}.Release|Any CPU.Build.0 = Release|Any CPU
		{4213BCA9-F348-4819-AED3-DC2A9DD83490}.Debug|Any CPU.ActiveCfg = Debug|Any CPU
		{4213BCA9-F348-4819-AED3-DC2A9DD83490}.Debug|Any CPU.Build.0 = Debug|Any CPU
		{4213BCA9-F348-4819-AED3-DC2A9DD83490}.Release|Any CPU.ActiveCfg = Release|Any CPU
		{4213BCA9-F348-4819-AED3-DC2A9DD83490}.Release|Any CPU.Build.0 = Release|Any CPU
	EndGlobalSection
	GlobalSection(SolutionProperties) = preSolution
		HideSolutionNode = FALSE
	EndGlobalSection
	GlobalSection(ExtensibilityGlobals) = postSolution
		SolutionGuid = {61A616DC-8047-4F41-9194-E4FA360864E6}
	EndGlobalSection
EndGlobal
